
Microsoft Visual Studio Solution File, Format Version 12.00
# Visual Studio Version 17
VisualStudioVersion = 17.5.33414.496
MinimumVisualStudioVersion = 10.0.40219.1
Project("{FAE04EC0-301F-11D3-BF4B-00C04F79EFBC}") = "AITrainer", "AITrainer\AITrainer.csproj", "{8406FC8E-361E-481B-9EC8-A0FE5827DBE8}"
EndProject
Global
	GlobalSection(SolutionConfigurationPlatforms) = preSolution
		Debug|Any CPU = Debug|Any CPU
		Release|Any CPU = Release|Any CPU
	EndGlobalSection
	GlobalSection(ProjectConfigurationPlatforms) = postSolution
		{8406FC8E-361E-481B-9EC8-A0FE5827DBE8}.Debug|Any CPU.ActiveCfg = Debug|Any CPU
		{8406FC8E-361E-481B-9EC8-A0FE5827DBE8}.Debug|Any CPU.Build.0 = Debug|Any CPU
		{8406FC8E-361E-481B-9EC8-A0FE5827DBE8}.Release|Any CPU.ActiveCfg = Release|Any CPU
		{8406FC8E-361E-481B-9EC8-A0FE5827DBE8}.Release|Any CPU.Build.0 = Release|Any CPU
	EndGlobalSection
	GlobalSection(SolutionProperties) = preSolution
		HideSolutionNode = FALSE
	EndGlobalSection
	GlobalSection(ExtensibilityGlobals) = postSolution
		SolutionGuid = {92154B20-7283-4F59-809B-F2ED003A9A10}
	EndGlobalSection
EndGlobal
